
Microsoft Visual Studio Solution File, Format Version 12.00
# Visual Studio 15
Project("{FAE04EC0-301F-11D3-BF4B-00C04F79EFBC}") = "Assembly-CSharp", "Assembly-CSharp.csproj", "{12C9FFCC-ED5D-BA03-16A4-56D348378421}"
EndProject
Project("{FAE04EC0-301F-11D3-BF4B-00C04F79EFBC}") = "Assembly-CSharp-firstpass", "Assembly-CSharp-firstpass.csproj", "{7731E743-FDAE-9F93-D351-A1F9B25EF00B}"
EndProject
Project("{FAE04EC0-301F-11D3-BF4B-00C04F79EFBC}") = "Assembly-CSharp-Editor-firstpass", "Assembly-CSharp-Editor-firstpass.csproj", "{B8C117D6-7213-4043-364A-F5ADACC75063}"
EndProject
Project("{FAE04EC0-301F-11D3-BF4B-00C04F79EFBC}") = "Assembly-CSharp-Editor", "Assembly-CSharp-Editor.csproj", "{98C70CEA-C26F-EB62-36FA-CBF9A49279D7}"
EndProject
Global
	GlobalSection(SolutionConfigurationPlatforms) = preSolution
		Debug|Any CPU = Debug|Any CPU
		Release|Any CPU = Release|Any CPU
	EndGlobalSection
	GlobalSection(ProjectConfigurationPlatforms) = postSolution
		{12C9FFCC-ED5D-BA03-16A4-56D348378421}.Debug|Any CPU.ActiveCfg = Debug|Any CPU
		{12C9FFCC-ED5D-BA03-16A4-56D348378421}.Debug|Any CPU.Build.0 = Debug|Any CPU
		{12C9FFCC-ED5D-BA03-16A4-56D348378421}.Release|Any CPU.ActiveCfg = Release|Any CPU
		{12C9FFCC-ED5D-BA03-16A4-56D348378421}.Release|Any CPU.Build.0 = Release|Any CPU
		{7731E743-FDAE-9F93-D351-A1F9B25EF00B}.Debug|Any CPU.ActiveCfg = Debug|Any CPU
		{7731E743-FDAE-9F93-D351-A1F9B25EF00B}.Debug|Any CPU.Build.0 = Debug|Any CPU
		{7731E743-FDAE-9F93-D351-A1F9B25EF00B}.Release|Any CPU.ActiveCfg = Release|Any CPU
		{7731E743-FDAE-9F93-D351-A1F9B25EF00B}.Release|Any CPU.Build.0 = Release|Any CPU
		{B8C117D6-7213-4043-364A-F5ADACC75063}.Debug|Any CPU.ActiveCfg = Debug|Any CPU
		{B8C117D6-7213-4043-364A-F5ADACC75063}.Debug|Any CPU.Build.0 = Debug|Any CPU
		{B8C117D6-7213-4043-364A-F5ADACC75063}.Release|Any CPU.ActiveCfg = Release|Any CPU
		{B8C117D6-7213-4043-364A-F5ADACC75063}.Release|Any CPU.Build.0 = Release|Any CPU
		{98C70CEA-C26F-EB62-36FA-CBF9A49279D7}.Debug|Any CPU.ActiveCfg = Debug|Any CPU
		{98C70CEA-C26F-EB62-36FA-CBF9A49279D7}.Debug|Any CPU.Build.0 = Debug|Any CPU
		{98C70CEA-C26F-EB62-36FA-CBF9A49279D7}.Release|Any CPU.ActiveCfg = Release|Any CPU
		{98C70CEA-C26F-EB62-36FA-CBF9A49279D7}.Release|Any CPU.Build.0 = Release|Any CPU
	EndGlobalSection
	GlobalSection(SolutionProperties) = preSolution
		HideSolutionNode = FALSE
	EndGlobalSection
EndGlobal
